
Microsoft Visual Studio Solution File, Format Version 12.00
# Visual Studio Version 16
VisualStudioVersion = 16.0.31005.135
MinimumVisualStudioVersion = 10.0.40219.1
Project("{FAE04EC0-301F-11D3-BF4B-00C04F79EFBC}") = "Serializer", "Serializer\Serializer.csproj", "{0C53330D-D171-45A7-9964-99FBC6293D84}"
EndProject
Global
	GlobalSection(SolutionConfigurationPlatforms) = preSolution
		Debug|Any CPU = Debug|Any CPU
		Release|Any CPU = Release|Any CPU
	EndGlobalSection
	GlobalSection(ProjectConfigurationPlatforms) = postSolution
		{0C53330D-D171-45A7-9964-99FBC6293D84}.Debug|Any CPU.ActiveCfg = Debug|Any CPU
		{0C53330D-D171-45A7-9964-99FBC6293D84}.Debug|Any CPU.Build.0 = Debug|Any CPU
		{0C53330D-D171-45A7-9964-99FBC6293D84}.Release|Any CPU.ActiveCfg = Release|Any CPU
		{0C53330D-D171-45A7-9964-99FBC6293D84}.Release|Any CPU.Build.0 = Release|Any CPU
	EndGlobalSection
	GlobalSection(SolutionProperties) = preSolution
		HideSolutionNode = FALSE
	EndGlobalSection
	GlobalSection(ExtensibilityGlobals) = postSolution
		SolutionGuid = {566ECE7B-AF54-4128-91E0-68659C02F19B}
	EndGlobalSection
EndGlobal
